PODS:
  - Alamofire (4.9.1)
  - AlamofireImage (3.6.0):
    - Alamofire (~> 4.9)
  - Realm (10.1.3):
    - Realm/Headers (= 10.1.3)
  - Realm/Headers (10.1.3)
  - RealmSwift (10.1.3):
    - Realm (= 10.1.3)
  - SVProgressHUD (2.2.5)
  - SwiftyJSON (5.0.0)

DEPENDENCIES:
  - Alamofire (~> 4.1)
  - AlamofireImage
  - RealmSwift
  - SVProgressHUD
  - SwiftyJSON

SPEC REPOS:
  trunk:
    - Alamofire
    - AlamofireImage
    - Realm
    - RealmSwift
    - SVProgressHUD
    - SwiftyJSON

SPEC CHECKSUMS:
  Alamofire: 85e8a02c69d6020a0d734f6054870d7ecb75cf18
  AlamofireImage: be9963c6582d68b39e89191f64c82a7d7bf40fdd
  Realm: 072f4060c99150cb1d35e35ce1dd4dda7d9ddfed
  RealmSwift: 96f96feafee63186789419235d14857dae9004ae
  SVProgressHUD: 1428aafac632c1f86f62aa4243ec12008d7a51d6
  SwiftyJSON: 36413e04c44ee145039d332b4f4e2d3e8d6c4db7

PODFILE CHECKSUM: 5edf63ee71dce5763921463e41cdc28904401c53

COCOAPODS: 1.10.0
